<?xml version="1.0" encoding="utf-8"?>
<Project ToolsVersion="4.0" xmlns="http://schemas.microsoft.com/developer/msbuild/2003">
  <ItemGroup>
    <Filter Include="リソース ファイル">
      <UniqueIdentifier>{67DA6AB6-F800-4c08-8B7A-83BB121AAD01}</UniqueIdentifier>
      <Extensions>rc;ico;cur;bmp;dlg;rc2;rct;bin;rgs;gif;jpg;jpeg;jpe;resx;tiff;tif;png;wav;mfcribbon-ms</Extensions>
    </Filter>
    <Filter Include="GameObject">
      <UniqueIdentifier>{7e00729a-c65a-4ea2-9e18-f112cff9bf02}</UniqueIdentifier>
    </Filter>
    <Filter Include="Component">
      <UniqueIdentifier>{cef55315-c113-4921-9457-415ea1bb7983}</UniqueIdentifier>
    </Filter>
    <Filter Include="GameObject\player">
      <UniqueIdentifier>{454833b3-02e0-4d63-9ab3-a9417666c23d}</UniqueIdentifier>
    </Filter>
    <Filter Include="Shader">
      <UniqueIdentifier>{44a920eb-6fb4-4348-b5ef-c4b5bb7ae3e7}</UniqueIdentifier>
    </Filter>
    <Filter Include="Result">
      <UniqueIdentifier>{4bbf2ebc-4de9-4899-ba7b-6e10a1f6176f}</UniqueIdentifier>
    </Filter>
    <Filter Include="Title">
      <UniqueIdentifier>{079c4666-20d4-4f82-9e62-be43169c0e4a}</UniqueIdentifier>
    </Filter>
    <Filter Include="Tutorial">
      <UniqueIdentifier>{225aa52d-987b-4042-bbcb-bb7454c6982e}</UniqueIdentifier>
    </Filter>
    <Filter Include="Debug">
      <UniqueIdentifier>{95530d73-5426-4e71-8b67-0dac6a8c63a1}</UniqueIdentifier>
    </Filter>
    <Filter Include="Result\ResultObj">
      <UniqueIdentifier>{fd1b26f4-181b-4868-a27c-37bf58121d44}</UniqueIdentifier>
    </Filter>
    <Filter Include="Debug\ImGUI">
      <UniqueIdentifier>{b2643535-ff96-4d44-b35a-4593841e0bb3}</UniqueIdentifier>
    </Filter>
    <Filter Include="Title\TitleObj">
      <UniqueIdentifier>{511640d1-6c13-4e3e-a970-b28f3cfd7eb4}</UniqueIdentifier>
    </Filter>
    <Filter Include="Game">
      <UniqueIdentifier>{3fbb0a16-59e0-4b18-bc88-856b1fc591e2}</UniqueIdentifier>
    </Filter>
    <Filter Include="Game\GameObj">
      <UniqueIdentifier>{3a647fae-fdbf-45de-942b-86b2ff238344}</UniqueIdentifier>
    </Filter>
    <Filter Include="1_Common">
      <UniqueIdentifier>{0f2d3cb6-0c05-4c41-a809-257d6139977d}</UniqueIdentifier>
    </Filter>
    <Filter Include="GameObject\camera">
      <UniqueIdentifier>{335c421b-67c2-4734-967d-6ea138af2a2d}</UniqueIdentifier>
    </Filter>
    <Filter Include="Test">
      <UniqueIdentifier>{f6268a91-d2b6-44f0-aefb-0511f940a1b0}</UniqueIdentifier>
    </Filter>
    <Filter Include="Network">
      <UniqueIdentifier>{f7489136-da54-4a50-a5ed-5b4bb7dcb749}</UniqueIdentifier>
    </Filter>
    <Filter Include="1_Common\Loading">
      <UniqueIdentifier>{068465bb-9494-40b9-a040-4f81ff114288}</UniqueIdentifier>
    </Filter>
    <Filter Include="1_Common\Scenes">
      <UniqueIdentifier>{bec297df-e00c-4237-b5df-0682dae09295}</UniqueIdentifier>
    </Filter>
    <Filter Include="1_Common\Game">
      <UniqueIdentifier>{c1473029-c680-4715-8587-d97c4d82ba8b}</UniqueIdentifier>
    </Filter>
  </ItemGroup>
  <ItemGroup>
    <ClCompile Include="main.cpp">
      <Filter>1_Common</Filter>
    </ClCompile>
    <ClCompile Include="manager.cpp">
      <Filter>1_Common</Filter>
    </ClCompile>
    <ClCompile Include="audio.cpp">
      <Filter>Component</Filter>
    </ClCompile>
    <ClCompile Include="sprite.cpp">
      <Filter>Component</Filter>
    </ClCompile>
    <ClCompile Include="tree.cpp">
      <Filter>GameObject</Filter>
    </ClCompile>
    <ClCompile Include="box.cpp">
      <Filter>GameObject</Filter>
    </ClCompile>
    <ClCompile Include="bullet.cpp">
      <Filter>GameObject</Filter>
    </ClCompile>
    <ClCompile Include="cylinder.cpp">
      <Filter>GameObject</Filter>
    </ClCompile>
    <ClCompile Include="enemy.cpp">
      <Filter>GameObject</Filter>
    </ClCompile>
    <ClCompile Include="explosion.cpp">
      <Filter>GameObject</Filter>
    </ClCompile>
    <ClCompile Include="fade.cpp">
      <Filter>GameObject</Filter>
    </ClCompile>
    <ClCompile Include="field.cpp">
      <Filter>GameObject</Filter>
    </ClCompile>
    <ClCompile Include="gauge.cpp">
      <Filter>GameObject</Filter>
    </ClCompile>
    <ClCompile Include="polygon2D.cpp">
      <Filter>GameObject</Filter>
    </ClCompile>
    <ClCompile Include="score.cpp">
      <Filter>GameObject</Filter>
    </ClCompile>
    <ClCompile Include="sky.cpp">
      <Filter>GameObject</Filter>
    </ClCompile>
    <ClCompile Include="input.cpp">
      <Filter>1_Common</Filter>
    </ClCompile>
    <ClCompile Include="shadow.cpp">
      <Filter>Component</Filter>
    </ClCompile>
    <ClCompile Include="earth.cpp">
      <Filter>GameObject</Filter>
    </ClCompile>
    <ClCompile Include="treasureBox.cpp">
      <Filter>GameObject</Filter>
    </ClCompile>
    <ClCompile Include="child.cpp">
      <Filter>GameObject</Filter>
    </ClCompile>
    <ClCompile Include="animationModel.cpp">
      <Filter>GameObject</Filter>
    </ClCompile>
    <ClCompile Include="player.cpp">
      <Filter>GameObject\player</Filter>
    </ClCompile>
    <ClCompile Include="meshField.cpp">
      <Filter>GameObject</Filter>
    </ClCompile>
    <ClCompile Include="playerGauge.cpp">
      <Filter>GameObject\player</Filter>
    </ClCompile>
    <ClCompile Include="tree_billboard.cpp">
      <Filter>GameObject</Filter>
    </ClCompile>
    <ClCompile Include="Rock.cpp">
      <Filter>GameObject</Filter>
    </ClCompile>
    <ClCompile Include="debugmanager.cpp">
      <Filter>Debug</Filter>
    </ClCompile>
    <ClCompile Include="gameDebugWindow.cpp">
      <Filter>Debug</Filter>
    </ClCompile>
    <ClCompile Include="createGameWindow.cpp">
      <Filter>Debug</Filter>
    </ClCompile>
    <ClCompile Include="collider.cpp">
      <Filter>Component</Filter>
    </ClCompile>
    <ClCompile Include="gameover.cpp">
      <Filter>Result\ResultObj</Filter>
    </ClCompile>
    <ClCompile Include="gameoverlogo.cpp">
      <Filter>Result\ResultObj</Filter>
    </ClCompile>
    <ClCompile Include="resultcamera.cpp">
      <Filter>Result\ResultObj</Filter>
    </ClCompile>
    <ClCompile Include="resultPlayer.cpp">
      <Filter>Result\ResultObj</Filter>
    </ClCompile>
    <ClCompile Include="resultscreen.cpp">
      <Filter>Result\ResultObj</Filter>
    </ClCompile>
    <ClCompile Include="resultsky.cpp">
      <Filter>Result\ResultObj</Filter>
    </ClCompile>
    <ClCompile Include="titlecursor.cpp">
      <Filter>Title\TitleObj</Filter>
    </ClCompile>
    <ClCompile Include="titleenter.cpp">
      <Filter>Title\TitleObj</Filter>
    </ClCompile>
    <ClCompile Include="titlelogo.cpp">
      <Filter>Title\TitleObj</Filter>
    </ClCompile>
    <ClCompile Include="titleselect.cpp">
      <Filter>Title\TitleObj</Filter>
    </ClCompile>
    <ClCompile Include="gamelogo.cpp">
      <Filter>Game\GameObj</Filter>
    </ClCompile>
    <ClCompile Include="imgui\imgui.cpp">
      <Filter>Debug\ImGUI</Filter>
    </ClCompile>
    <ClCompile Include="imgui\imgui_demo.cpp">
      <Filter>Debug\ImGUI</Filter>
    </ClCompile>
    <ClCompile Include="imgui\imgui_draw.cpp">
      <Filter>Debug\ImGUI</Filter>
    </ClCompile>
    <ClCompile Include="imgui\imgui_impl_dx11.cpp">
      <Filter>Debug\ImGUI</Filter>
    </ClCompile>
    <ClCompile Include="imgui\imgui_impl_win32.cpp">
      <Filter>Debug\ImGUI</Filter>
    </ClCompile>
    <ClCompile Include="imgui\imgui_tables.cpp">
      <Filter>Debug\ImGUI</Filter>
    </ClCompile>
    <ClCompile Include="imgui\imgui_widgets.cpp">
      <Filter>Debug\ImGUI</Filter>
    </ClCompile>
    <ClCompile Include="grass.cpp" />
    <ClCompile Include="sphere.cpp" />
    <ClCompile Include="alpha.cpp" />
    <ClCompile Include="text.cpp">
      <Filter>Component</Filter>
    </ClCompile>
    <ClCompile Include="npc.cpp" />
    <ClCompile Include="bed.cpp" />
    <ClCompile Include="camera.cpp">
      <Filter>GameObject\camera</Filter>
    </ClCompile>
    <ClCompile Include="time.cpp">
      <Filter>GameObject</Filter>
    </ClCompile>
    <ClCompile Include="playerNetwork.cpp">
      <Filter>Network</Filter>
    </ClCompile>
    <ClCompile Include="CNetwork_WS.cpp">
      <Filter>Network</Filter>
    </ClCompile>
    <ClCompile Include="networkTest.cpp">
      <Filter>Network</Filter>
    </ClCompile>
    <ClCompile Include="loading.cpp">
      <Filter>1_Common\Loading</Filter>
    </ClCompile>
    <ClCompile Include="loadinglogo.cpp">
      <Filter>1_Common\Loading</Filter>
    </ClCompile>
    <ClCompile Include="scene.cpp">
      <Filter>1_Common\Scenes</Filter>
    </ClCompile>
    <ClCompile Include="title.cpp">
      <Filter>1_Common\Scenes</Filter>
    </ClCompile>
    <ClCompile Include="result.cpp">
      <Filter>1_Common\Scenes</Filter>
    </ClCompile>
    <ClCompile Include="test.cpp">
      <Filter>1_Common\Scenes</Filter>
    </ClCompile>
    <ClCompile Include="testHouse.cpp">
      <Filter>1_Common\Scenes</Filter>
    </ClCompile>
    <ClCompile Include="game.cpp">
      <Filter>1_Common\Scenes</Filter>
    </ClCompile>
    <ClCompile Include="model.cpp">
      <Filter>1_Common\Game</Filter>
    </ClCompile>
    <ClCompile Include="renderer.cpp">
      <Filter>1_Common\Game</Filter>
    </ClCompile>
    <ClCompile Include="gameObject.cpp">
      <Filter>1_Common\Game</Filter>
    </ClCompile>
    <ClCompile Include="DirectWriteCustomFont.cpp">
      <Filter>1_Common\Game</Filter>
    </ClCompile>
    <ClCompile Include="component.cpp">
      <Filter>1_Common\Game</Filter>
    </ClCompile>
    <ClCompile Include="tutorial.cpp">
      <Filter>1_Common\Scenes</Filter>
    </ClCompile>
    <ClCompile Include="house.cpp" />
    <ClCompile Include="room.cpp" />
    <ClCompile Include="conversation.cpp" />
    <ClCompile Include="modelTest.cpp" />
    <ClCompile Include="crop.cpp" />
    <ClCompile Include="inventory.cpp" />
    <ClCompile Include="farmTile.cpp" />
    <ClCompile Include="pch.cpp" />
  </ItemGroup>
  <ItemGroup>
    <ClInclude Include="manager.h">
      <Filter>1_Common</Filter>
    </ClInclude>
    <ClInclude Include="main.h">
      <Filter>1_Common</Filter>
    </ClInclude>
    <ClInclude Include="audio.h">
      <Filter>Component</Filter>
    </ClInclude>
    <ClInclude Include="sprite.h">
      <Filter>Component</Filter>
    </ClInclude>
    <ClInclude Include="tree.h">
      <Filter>GameObject</Filter>
    </ClInclude>
    <ClInclude Include="box.h">
      <Filter>GameObject</Filter>
    </ClInclude>
    <ClInclude Include="bullet.h">
      <Filter>GameObject</Filter>
    </ClInclude>
    <ClInclude Include="cylinder.h">
      <Filter>GameObject</Filter>
    </ClInclude>
    <ClInclude Include="enemy.h">
      <Filter>GameObject</Filter>
    </ClInclude>
    <ClInclude Include="explosion.h">
      <Filter>GameObject</Filter>
    </ClInclude>
    <ClInclude Include="fade.h">
      <Filter>GameObject</Filter>
    </ClInclude>
    <ClInclude Include="field.h">
      <Filter>GameObject</Filter>
    </ClInclude>
    <ClInclude Include="gauge.h">
      <Filter>GameObject</Filter>
    </ClInclude>
    <ClInclude Include="polygon2D.h">
      <Filter>GameObject</Filter>
    </ClInclude>
    <ClInclude Include="score.h">
      <Filter>GameObject</Filter>
    </ClInclude>
    <ClInclude Include="sky.h">
      <Filter>GameObject</Filter>
    </ClInclude>
    <ClInclude Include="input.h">
      <Filter>1_Common</Filter>
    </ClInclude>
    <ClInclude Include="shadow.h">
      <Filter>Component</Filter>
    </ClInclude>
    <ClInclude Include="earth.h">
      <Filter>GameObject</Filter>
    </ClInclude>
    <ClInclude Include="treasureBox.h">
      <Filter>GameObject</Filter>
    </ClInclude>
    <ClInclude Include="child.h">
      <Filter>GameObject</Filter>
    </ClInclude>
    <ClInclude Include="animationModel.h">
      <Filter>GameObject</Filter>
    </ClInclude>
    <ClInclude Include="player.h">
      <Filter>GameObject\player</Filter>
    </ClInclude>
    <ClInclude Include="meshField.h">
      <Filter>GameObject</Filter>
    </ClInclude>
    <ClInclude Include="playerGauge.h">
      <Filter>GameObject\player</Filter>
    </ClInclude>
    <ClInclude Include="tree_billboard.h">
      <Filter>GameObject</Filter>
    </ClInclude>
    <ClInclude Include="Rock.h">
      <Filter>GameObject</Filter>
    </ClInclude>
    <ClInclude Include="debugmanager.h">
      <Filter>Debug</Filter>
    </ClInclude>
    <ClInclude Include="gameDebugWindow.h">
      <Filter>Debug</Filter>
    </ClInclude>
    <ClInclude Include="createGameWindow.h">
      <Filter>Debug</Filter>
    </ClInclude>
    <ClInclude Include="collision.h">
      <Filter>Component</Filter>
    </ClInclude>
    <ClInclude Include="collider.h">
      <Filter>Component</Filter>
    </ClInclude>
    <ClInclude Include="gameoverlogo.h">
      <Filter>Result\ResultObj</Filter>
    </ClInclude>
    <ClInclude Include="gameover.h">
      <Filter>Result\ResultObj</Filter>
    </ClInclude>
    <ClInclude Include="resultcamera.h">
      <Filter>Result\ResultObj</Filter>
    </ClInclude>
    <ClInclude Include="resultPlayer.h">
      <Filter>Result\ResultObj</Filter>
    </ClInclude>
    <ClInclude Include="resultscreen.h">
      <Filter>Result\ResultObj</Filter>
    </ClInclude>
    <ClInclude Include="resultsky.h">
      <Filter>Result\ResultObj</Filter>
    </ClInclude>
    <ClInclude Include="titlecursor.h">
      <Filter>Title\TitleObj</Filter>
    </ClInclude>
    <ClInclude Include="titleenter.h">
      <Filter>Title\TitleObj</Filter>
    </ClInclude>
    <ClInclude Include="titlelogo.h">
      <Filter>Title\TitleObj</Filter>
    </ClInclude>
    <ClInclude Include="titleselect.h">
      <Filter>Title\TitleObj</Filter>
    </ClInclude>
    <ClInclude Include="gamelogo.h">
      <Filter>Game\GameObj</Filter>
    </ClInclude>
    <ClInclude Include="imgui\imconfig.h">
      <Filter>Debug\ImGUI</Filter>
    </ClInclude>
    <ClInclude Include="imgui\imgui.h">
      <Filter>Debug\ImGUI</Filter>
    </ClInclude>
    <ClInclude Include="imgui\imgui_impl_dx11.h">
      <Filter>Debug\ImGUI</Filter>
    </ClInclude>
    <ClInclude Include="imgui\imgui_impl_win32.h">
      <Filter>Debug\ImGUI</Filter>
    </ClInclude>
    <ClInclude Include="imgui\imgui_internal.h">
      <Filter>Debug\ImGUI</Filter>
    </ClInclude>
    <ClInclude Include="imgui\imstb_rectpack.h">
      <Filter>Debug\ImGUI</Filter>
    </ClInclude>
    <ClInclude Include="imgui\imstb_textedit.h">
      <Filter>Debug\ImGUI</Filter>
    </ClInclude>
    <ClInclude Include="imgui\imstb_truetype.h">
      <Filter>Debug\ImGUI</Filter>
    </ClInclude>
    <ClInclude Include="modelContainer.h" />
    <ClInclude Include="grass.h" />
    <ClInclude Include="sphere.h" />
    <ClInclude Include="alpha.h" />
    <ClInclude Include="shader.h">
      <Filter>Shader</Filter>
    </ClInclude>
    <ClInclude Include="text.h">
      <Filter>Component</Filter>
    </ClInclude>
    <ClInclude Include="npc.h" />
    <ClInclude Include="bed.h" />
    <ClInclude Include="camera.h">
      <Filter>GameObject\camera</Filter>
    </ClInclude>
    <ClInclude Include="testObj.h">
      <Filter>Test</Filter>
    </ClInclude>
    <ClInclude Include="time.h">
      <Filter>GameObject</Filter>
    </ClInclude>
    <ClInclude Include="playerNetwork.h">
      <Filter>Network</Filter>
    </ClInclude>
    <ClInclude Include="CNetwork.h">
      <Filter>Network</Filter>
    </ClInclude>
    <ClInclude Include="networkTest.h">
      <Filter>Network</Filter>
    </ClInclude>
    <ClInclude Include="loadinglogo.h">
      <Filter>1_Common\Loading</Filter>
    </ClInclude>
    <ClInclude Include="loading.h">
      <Filter>1_Common\Loading</Filter>
    </ClInclude>
    <ClInclude Include="scene.h">
      <Filter>1_Common\Scenes</Filter>
    </ClInclude>
    <ClInclude Include="title.h">
      <Filter>1_Common\Scenes</Filter>
    </ClInclude>
    <ClInclude Include="result.h">
      <Filter>1_Common\Scenes</Filter>
    </ClInclude>
    <ClInclude Include="test.h">
      <Filter>1_Common\Scenes</Filter>
    </ClInclude>
    <ClInclude Include="testHouse.h">
      <Filter>1_Common\Scenes</Filter>
    </ClInclude>
    <ClInclude Include="game.h">
      <Filter>1_Common\Scenes</Filter>
    </ClInclude>
    <ClInclude Include="renderer.h">
      <Filter>1_Common\Game</Filter>
    </ClInclude>
    <ClInclude Include="model.h">
      <Filter>1_Common\Game</Filter>
    </ClInclude>
    <ClInclude Include="gameObject.h">
      <Filter>1_Common\Game</Filter>
    </ClInclude>
    <ClInclude Include="DirectWriteCustomFont.h">
      <Filter>1_Common\Game</Filter>
    </ClInclude>
    <ClInclude Include="component.h">
      <Filter>1_Common\Game</Filter>
    </ClInclude>
    <ClInclude Include="tutorial.h">
      <Filter>1_Common\Scenes</Filter>
    </ClInclude>
    <ClInclude Include="resource.h" />
    <ClInclude Include="house.h" />
    <ClInclude Include="room.h" />
    <ClInclude Include="conversation.h" />
    <ClInclude Include="modelTest.h" />
    <ClInclude Include="crop.h" />
    <ClInclude Include="item.h">
      <Filter>1_Common\Game</Filter>
    </ClInclude>
    <ClInclude Include="inventory.h" />
    <ClInclude Include="farmTile.h" />
  </ItemGroup>
  <ItemGroup>
    <FxCompile Include="Shader\common.hlsl">
      <Filter>Shader</Filter>
    </FxCompile>
    <FxCompile Include="Shader\gaugePS.hlsl">
      <Filter>Shader</Filter>
    </FxCompile>
    <FxCompile Include="Shader\gaugeVS.hlsl">
      <Filter>Shader</Filter>
    </FxCompile>
    <FxCompile Include="Shader\normalMappingPS.hlsl">
      <Filter>Shader</Filter>
    </FxCompile>
    <FxCompile Include="Shader\normalMappingVS.hlsl">
      <Filter>Shader</Filter>
    </FxCompile>
    <FxCompile Include="Shader\unlitTexturePS.hlsl">
      <Filter>Shader</Filter>
    </FxCompile>
    <FxCompile Include="Shader\unlitTextureVS.hlsl">
      <Filter>Shader</Filter>
    </FxCompile>
    <FxCompile Include="Shader\vertexLightingVS.hlsl">
      <Filter>Shader</Filter>
    </FxCompile>
    <FxCompile Include="Shader\vertexLightingPS.hlsl">
      <Filter>Shader</Filter>
    </FxCompile>
    <FxCompile Include="Shader\PercentageCloserFilteringPS.hlsl">
      <Filter>Shader</Filter>
    </FxCompile>
    <FxCompile Include="Shader\PercentageCloserFilteringVS.hlsl">
      <Filter>Shader</Filter>
    </FxCompile>
    <FxCompile Include="Shader\litTextureColorPS.hlsl">
      <Filter>Shader</Filter>
    </FxCompile>
    <FxCompile Include="Shader\litTextureColorVS.hlsl">
      <Filter>Shader</Filter>
    </FxCompile>
    <FxCompile Include="shader\wipePS.hlsl">
      <Filter>Shader</Filter>
    </FxCompile>
    <FxCompile Include="shader\dissolvePS.hlsl">
      <Filter>Shader</Filter>
    </FxCompile>
    <FxCompile Include="shader\envMappingVS.hlsl">
      <Filter>Shader</Filter>
    </FxCompile>
    <FxCompile Include="shader\envMappingPS.hlsl">
      <Filter>Shader</Filter>
    </FxCompile>
    <FxCompile Include="shader\alphaBlendingVS.hlsl">
      <Filter>Shader</Filter>
    </FxCompile>
    <FxCompile Include="shader\alphaBlendingPS.hlsl">
      <Filter>Shader</Filter>
    </FxCompile>
  </ItemGroup>
  <ItemGroup>
    <ResourceCompile Include="WSock.rc">
      <Filter>リソース ファイル</Filter>
    </ResourceCompile>
  </ItemGroup>
</Project>